
Microsoft Visual Studio Solution File, Format Version 12.00
# Visual Studio Version 16
VisualStudioVersion = 16.0.32630.194
MinimumVisualStudioVersion = 10.0.40219.1
Project("{9A19103F-16F7-4668-BE54-9A1E7A4F7556}") = "Degiskens", "Degiskens\Degiskens.csproj", "{BA359739-FE12-4E27-9331-D17F37451B50}"
EndProject
Project("{9A19103F-16F7-4668-BE54-9A1E7A4F7556}") = "Operators", "Operators\Operators.csproj", "{78D4B586-552D-47A6-9348-B1CCCD593038}"
EndProject
Project("{9A19103F-16F7-4668-BE54-9A1E7A4F7556}") = "TipDonusums", "TipDonusums\TipDonusums.csproj", "{AF495F0E-A57B-45D4-BEE7-B8D10A5018E2}"
EndProject
Project("{9A19103F-16F7-4668-BE54-9A1E7A4F7556}") = "tryCatch", "tryCatch\tryCatch.csproj", "{37975854-B2E7-4FA6-B03B-C355C4B9F9B1}"
EndProject
Project("{9A19103F-16F7-4668-BE54-9A1E7A4F7556}") = "ifElse", "ifElse\ifElse.csproj", "{ABF64B11-4197-48ED-9568-67C623671F1D}"
EndProject
Project("{9A19103F-16F7-4668-BE54-9A1E7A4F7556}") = "SwitchCase", "SwitchCase\SwitchCase.csproj", "{83956A8A-425E-4102-A830-6FE3FF84CF92}"
EndProject
Project("{9A19103F-16F7-4668-BE54-9A1E7A4F7556}") = "forLoop", "forLoop\forLoop.csproj", "{89B70B7B-DD83-4A67-825C-665B7FBEC118}"
EndProject
Project("{9A19103F-16F7-4668-BE54-9A1E7A4F7556}") = "WhileForEach", "WhileForEach\WhileForEach.csproj", "{C90EB683-1DF8-4241-9EE6-37D412EB429C}"
EndProject
Project("{9A19103F-16F7-4668-BE54-9A1E7A4F7556}") = "Dizis", "Dizis\Dizis.csproj", "{3472E930-8EC5-44BC-ACE9-4368B7DD80BE}"
EndProject
Project("{9A19103F-16F7-4668-BE54-9A1E7A4F7556}") = "Methods", "Methods\Methods.csproj", "{23BDD274-DD70-430C-B432-005DCC0295EB}"
EndProject
Project("{9A19103F-16F7-4668-BE54-9A1E7A4F7556}") = "Odev1", "Odev1\Odev1.csproj", "{7F0ADA0C-A11E-4606-ACEE-10DB645A8291}"
EndProject
Project("{9A19103F-16F7-4668-BE54-9A1E7A4F7556}") = "StringMethods", "StringMethods\StringMethods.csproj", "{A7773B75-2AEC-4A0F-8A13-FACE57573EB8}"
EndProject
Project("{9A19103F-16F7-4668-BE54-9A1E7A4F7556}") = "Collections", "Collections\Collections.csproj", "{4E8F865D-0C6B-4426-A1E5-B100E16FE91C}"
EndProject
Project("{9A19103F-16F7-4668-BE54-9A1E7A4F7556}") = "Odev2", "Odev2\Odev2.csproj", "{546B28AD-AE7A-4F3D-8004-B8509F1DC7D1}"
EndProject
Project("{9A19103F-16F7-4668-BE54-9A1E7A4F7556}") = "Sınıfs", "Sınıfs\Sınıfs.csproj", "{3B4E8A37-5B83-4A68-B684-AE8EB61C6312}"
EndProject
Project("{9A19103F-16F7-4668-BE54-9A1E7A4F7556}") = "OOP", "OOP\OOP.csproj", "{62337AEC-6FFF-459A-AB99-E555780746B9}"
EndProject
Project("{9A19103F-16F7-4668-BE54-9A1E7A4F7556}") = "PhoneBook", "PhoneBook\PhoneBook.csproj", "{5A1F6E85-3BFB-43CC-8208-0CE73AF3B9CE}"
EndProject
Project("{9A19103F-16F7-4668-BE54-9A1E7A4F7556}") = "ToDO", "ToDO\ToDO.csproj", "{167846C5-E5D3-430E-89ED-43B45503FA5F}"
EndProject
Project("{2150E333-8FDC-42A3-9474-1A3956D46DE8}") = "CsharpProjeleri", "CsharpProjeleri", "{9A925C6A-6880-4841-AA5B-DFA81FF79BC1}"
EndProject
Project("{9A19103F-16F7-4668-BE54-9A1E7A4F7556}") = "OrtalamaHesaplama", "OrtalamaHesaplama\OrtalamaHesaplama.csproj", "{9929637D-4FB2-4EDA-BAAF-B43A87F73F20}"
EndProject
Project("{9A19103F-16F7-4668-BE54-9A1E7A4F7556}") = "UcgenCizme", "UcgenCizme\UcgenCizme.csproj", "{276C97D7-FB5B-48B8-9EEA-C30614145FA2}"
EndProject
Project("{9A19103F-16F7-4668-BE54-9A1E7A4F7556}") = "DaireCizme", "DaireCizme\DaireCizme.csproj", "{D42121A5-1294-45CA-873F-3B67B561D23C}"
EndProject
Project("{9A19103F-16F7-4668-BE54-9A1E7A4F7556}") = "TerstenYazdirma", "TerstenYazdirma\TerstenYazdirma.csproj", "{4BCD0256-DCE9-462F-96F6-A088174A3BF5}"
EndProject
Project("{9A19103F-16F7-4668-BE54-9A1E7A4F7556}") = "KarakterCikarma", "KarakterCikarma\KarakterCikarma.csproj", "{4DD32F8B-1C56-40C9-A860-975F2E5F7087}"
EndProject
Project("{2150E333-8FDC-42A3-9474-1A3956D46DE8}") = "OrtaSeviye", "OrtaSeviye", "{79ED3B71-C438-423A-9D41-FD733671C21D}"
EndProject
Project("{2150E333-8FDC-42A3-9474-1A3956D46DE8}") = "AlanHesaplama", "AlanHesaplama", "{F6A064CF-95BE-4CCD-A721-E425D42764E0}"
EndProject
Project("{9A19103F-16F7-4668-BE54-9A1E7A4F7556}") = "AlanHesaplama", "AlanHesaplama\AlanHesaplama.csproj", "{88CE08E1-3956-447D-A079-683488746E1A}"
EndProject
Project("{2150E333-8FDC-42A3-9474-1A3956D46DE8}") = "IntegerikililerToplama", "IntegerikililerToplama", "{250371B1-4AB4-4B32-8D47-467DF7273FE1}"
EndProject
Project("{9A19103F-16F7-4668-BE54-9A1E7A4F7556}") = "IkiliToplama", "IkiliToplama\IkiliToplama.csproj", "{54E98B72-EE14-492A-B82C-F16FA8EBF940}"
EndProject
Project("{2150E333-8FDC-42A3-9474-1A3956D46DE8}") = "MutlakKare", "MutlakKare", "{D35893AA-1F3A-4A7D-90E5-8FD050F3BEBD}"
EndProject
Project("{9A19103F-16F7-4668-BE54-9A1E7A4F7556}") = "MutlakKare", "MutlakKare\MutlakKare.csproj", "{4A0D1095-A3EB-4198-B2EA-7B411E5A7DCA}"
EndProject
Project("{2150E333-8FDC-42A3-9474-1A3956D46DE8}") = "KarakterDegistirme", "KarakterDegistirme", "{08A7ECAC-CCB9-443A-BF24-BE6D4488AA98}"
EndProject
Project("{9A19103F-16F7-4668-BE54-9A1E7A4F7556}") = "KarakterDegistirme", "KarakterDegistirme\KarakterDegistirme.csproj", "{08788E86-9DEE-4508-BCAE-212332C908A1}"
EndProject
Project("{2150E333-8FDC-42A3-9474-1A3956D46DE8}") = "SessizHarf", "SessizHarf", "{049B03BA-2705-4BDB-9A89-5F63981802B6}"
EndProject
Project("{9A19103F-16F7-4668-BE54-9A1E7A4F7556}") = "SessizHarf", "SessizHarf\SessizHarf.csproj", "{5D05C46D-00CF-4006-8BD7-229B18DAA285}"
EndProject
Project("{2150E333-8FDC-42A3-9474-1A3956D46DE8}") = "ZorSeviye", "ZorSeviye", "{691323CB-2CDB-40F2-BF30-00F803D25F9F}"
EndProject
Project("{2150E333-8FDC-42A3-9474-1A3956D46DE8}") = "VotingApp", "VotingApp", "{0BD42BF8-19BD-4C48-8B4D-FBEC748CD548}"
EndProject
Project("{9A19103F-16F7-4668-BE54-9A1E7A4F7556}") = "VotingApp", "VotingApp\VotingApp.csproj", "{7E964856-10C4-483A-B53E-CEA9A1D6361C}"
EndProject
Project("{2150E333-8FDC-42A3-9474-1A3956D46DE8}") = "AtmApp", "AtmApp", "{4465B0C3-5D8C-4BC2-8442-E89AE5191266}"
EndProject
Project("{2150E333-8FDC-42A3-9474-1A3956D46DE8}") = "BarcodeGen", "BarcodeGen", "{A89CF143-A3F2-46EA-ADBD-5A096248104E}"
EndProject
Project("{FAE04EC0-301F-11D3-BF4B-00C04F79EFBC}") = "SedBANK", "SedBANK\SedBANK.csproj", "{6983758C-FAD1-4D4C-8DE8-7DC3F93CDE8F}"
EndProject
Global
	GlobalSection(SolutionConfigurationPlatforms) = preSolution
		Debug|Any CPU = Debug|Any CPU
		Release|Any CPU = Release|Any CPU
	EndGlobalSection
	GlobalSection(ProjectConfigurationPlatforms) = postSolution
		{BA359739-FE12-4E27-9331-D17F37451B50}.Debug|Any CPU.ActiveCfg = Debug|Any CPU
		{BA359739-FE12-4E27-9331-D17F37451B50}.Debug|Any CPU.Build.0 = Debug|Any CPU
		{BA359739-FE12-4E27-9331-D17F37451B50}.Release|Any CPU.ActiveCfg = Release|Any CPU
		{BA359739-FE12-4E27-9331-D17F37451B50}.Release|Any CPU.Build.0 = Release|Any CPU
		{78D4B586-552D-47A6-9348-B1CCCD593038}.Debug|Any CPU.ActiveCfg = Debug|Any CPU
		{78D4B586-552D-47A6-9348-B1CCCD593038}.Debug|Any CPU.Build.0 = Debug|Any CPU
		{78D4B586-552D-47A6-9348-B1CCCD593038}.Release|Any CPU.ActiveCfg = Release|Any CPU
		{78D4B586-552D-47A6-9348-B1CCCD593038}.Release|Any CPU.Build.0 = Release|Any CPU
		{AF495F0E-A57B-45D4-BEE7-B8D10A5018E2}.Debug|Any CPU.ActiveCfg = Debug|Any CPU
		{AF495F0E-A57B-45D4-BEE7-B8D10A5018E2}.Debug|Any CPU.Build.0 = Debug|Any CPU
		{AF495F0E-A57B-45D4-BEE7-B8D10A5018E2}.Release|Any CPU.ActiveCfg = Release|Any CPU
		{AF495F0E-A57B-45D4-BEE7-B8D10A5018E2}.Release|Any CPU.Build.0 = Release|Any CPU
		{37975854-B2E7-4FA6-B03B-C355C4B9F9B1}.Debug|Any CPU.ActiveCfg = Debug|Any CPU
		{37975854-B2E7-4FA6-B03B-C355C4B9F9B1}.Debug|Any CPU.Build.0 = Debug|Any CPU
		{37975854-B2E7-4FA6-B03B-C355C4B9F9B1}.Release|Any CPU.ActiveCfg = Release|Any CPU
		{37975854-B2E7-4FA6-B03B-C355C4B9F9B1}.Release|Any CPU.Build.0 = Release|Any CPU
		{ABF64B11-4197-48ED-9568-67C623671F1D}.Debug|Any CPU.ActiveCfg = Debug|Any CPU
		{ABF64B11-4197-48ED-9568-67C623671F1D}.Debug|Any CPU.Build.0 = Debug|Any CPU
		{ABF64B11-4197-48ED-9568-67C623671F1D}.Release|Any CPU.ActiveCfg = Release|Any CPU
		{ABF64B11-4197-48ED-9568-67C623671F1D}.Release|Any CPU.Build.0 = Release|Any CPU
		{83956A8A-425E-4102-A830-6FE3FF84CF92}.Debug|Any CPU.ActiveCfg = Debug|Any CPU
		{83956A8A-425E-4102-A830-6FE3FF84CF92}.Debug|Any CPU.Build.0 = Debug|Any CPU
		{83956A8A-425E-4102-A830-6FE3FF84CF92}.Release|Any CPU.ActiveCfg = Release|Any CPU
		{83956A8A-425E-4102-A830-6FE3FF84CF92}.Release|Any CPU.Build.0 = Release|Any CPU
		{89B70B7B-DD83-4A67-825C-665B7FBEC118}.Debug|Any CPU.ActiveCfg = Debug|Any CPU
		{89B70B7B-DD83-4A67-825C-665B7FBEC118}.Debug|Any CPU.Build.0 = Debug|Any CPU
		{89B70B7B-DD83-4A67-825C-665B7FBEC118}.Release|Any CPU.ActiveCfg = Release|Any CPU
		{89B70B7B-DD83-4A67-825C-665B7FBEC118}.Release|Any CPU.Build.0 = Release|Any CPU
		{C90EB683-1DF8-4241-9EE6-37D412EB429C}.Debug|Any CPU.ActiveCfg = Debug|Any CPU
		{C90EB683-1DF8-4241-9EE6-37D412EB429C}.Debug|Any CPU.Build.0 = Debug|Any CPU
		{C90EB683-1DF8-4241-9EE6-37D412EB429C}.Release|Any CPU.ActiveCfg = Release|Any CPU
		{C90EB683-1DF8-4241-9EE6-37D412EB429C}.Release|Any CPU.Build.0 = Release|Any CPU
		{3472E930-8EC5-44BC-ACE9-4368B7DD80BE}.Debug|Any CPU.ActiveCfg = Debug|Any CPU
		{3472E930-8EC5-44BC-ACE9-4368B7DD80BE}.Debug|Any CPU.Build.0 = Debug|Any CPU
		{3472E930-8EC5-44BC-ACE9-4368B7DD80BE}.Release|Any CPU.ActiveCfg = Release|Any CPU
		{3472E930-8EC5-44BC-ACE9-4368B7DD80BE}.Release|Any CPU.Build.0 = Release|Any CPU
		{23BDD274-DD70-430C-B432-005DCC0295EB}.Debug|Any CPU.ActiveCfg = Debug|Any CPU
		{23BDD274-DD70-430C-B432-005DCC0295EB}.Debug|Any CPU.Build.0 = Debug|Any CPU
		{23BDD274-DD70-430C-B432-005DCC0295EB}.Release|Any CPU.ActiveCfg = Release|Any CPU
		{23BDD274-DD70-430C-B432-005DCC0295EB}.Release|Any CPU.Build.0 = Release|Any CPU
		{7F0ADA0C-A11E-4606-ACEE-10DB645A8291}.Debug|Any CPU.ActiveCfg = Debug|Any CPU
		{7F0ADA0C-A11E-4606-ACEE-10DB645A8291}.Debug|Any CPU.Build.0 = Debug|Any CPU
		{7F0ADA0C-A11E-4606-ACEE-10DB645A8291}.Release|Any CPU.ActiveCfg = Release|Any CPU
		{7F0ADA0C-A11E-4606-ACEE-10DB645A8291}.Release|Any CPU.Build.0 = Release|Any CPU
		{A7773B75-2AEC-4A0F-8A13-FACE57573EB8}.Debug|Any CPU.ActiveCfg = Debug|Any CPU
		{A7773B75-2AEC-4A0F-8A13-FACE57573EB8}.Debug|Any CPU.Build.0 = Debug|Any CPU
		{A7773B75-2AEC-4A0F-8A13-FACE57573EB8}.Release|Any CPU.ActiveCfg = Release|Any CPU
		{A7773B75-2AEC-4A0F-8A13-FACE57573EB8}.Release|Any CPU.Build.0 = Release|Any CPU
		{4E8F865D-0C6B-4426-A1E5-B100E16FE91C}.Debug|Any CPU.ActiveCfg = Debug|Any CPU
		{4E8F865D-0C6B-4426-A1E5-B100E16FE91C}.Debug|Any CPU.Build.0 = Debug|Any CPU
		{4E8F865D-0C6B-4426-A1E5-B100E16FE91C}.Release|Any CPU.ActiveCfg = Release|Any CPU
		{4E8F865D-0C6B-4426-A1E5-B100E16FE91C}.Release|Any CPU.Build.0 = Release|Any CPU
		{546B28AD-AE7A-4F3D-8004-B8509F1DC7D1}.Debug|Any CPU.ActiveCfg = Debug|Any CPU
		{546B28AD-AE7A-4F3D-8004-B8509F1DC7D1}.Debug|Any CPU.Build.0 = Debug|Any CPU
		{546B28AD-AE7A-4F3D-8004-B8509F1DC7D1}.Release|Any CPU.ActiveCfg = Release|Any CPU
		{546B28AD-AE7A-4F3D-8004-B8509F1DC7D1}.Release|Any CPU.Build.0 = Release|Any CPU
		{3B4E8A37-5B83-4A68-B684-AE8EB61C6312}.Debug|Any CPU.ActiveCfg = Debug|Any CPU
		{3B4E8A37-5B83-4A68-B684-AE8EB61C6312}.Debug|Any CPU.Build.0 = Debug|Any CPU
		{3B4E8A37-5B83-4A68-B684-AE8EB61C6312}.Release|Any CPU.ActiveCfg = Release|Any CPU
		{3B4E8A37-5B83-4A68-B684-AE8EB61C6312}.Release|Any CPU.Build.0 = Release|Any CPU
		{62337AEC-6FFF-459A-AB99-E555780746B9}.Debug|Any CPU.ActiveCfg = Debug|Any CPU
		{62337AEC-6FFF-459A-AB99-E555780746B9}.Debug|Any CPU.Build.0 = Debug|Any CPU
		{62337AEC-6FFF-459A-AB99-E555780746B9}.Release|Any CPU.ActiveCfg = Release|Any CPU
		{62337AEC-6FFF-459A-AB99-E555780746B9}.Release|Any CPU.Build.0 = Release|Any CPU
		{5A1F6E85-3BFB-43CC-8208-0CE73AF3B9CE}.Debug|Any CPU.ActiveCfg = Debug|Any CPU
		{5A1F6E85-3BFB-43CC-8208-0CE73AF3B9CE}.Debug|Any CPU.Build.0 = Debug|Any CPU
		{5A1F6E85-3BFB-43CC-8208-0CE73AF3B9CE}.Release|Any CPU.ActiveCfg = Release|Any CPU
		{5A1F6E85-3BFB-43CC-8208-0CE73AF3B9CE}.Release|Any CPU.Build.0 = Release|Any CPU
		{167846C5-E5D3-430E-89ED-43B45503FA5F}.Debug|Any CPU.ActiveCfg = Debug|Any CPU
		{167846C5-E5D3-430E-89ED-43B45503FA5F}.Debug|Any CPU.Build.0 = Debug|Any CPU
		{167846C5-E5D3-430E-89ED-43B45503FA5F}.Release|Any CPU.ActiveCfg = Release|Any CPU
		{167846C5-E5D3-430E-89ED-43B45503FA5F}.Release|Any CPU.Build.0 = Release|Any CPU
		{9929637D-4FB2-4EDA-BAAF-B43A87F73F20}.Debug|Any CPU.ActiveCfg = Debug|Any CPU
		{9929637D-4FB2-4EDA-BAAF-B43A87F73F20}.Debug|Any CPU.Build.0 = Debug|Any CPU
		{9929637D-4FB2-4EDA-BAAF-B43A87F73F20}.Release|Any CPU.ActiveCfg = Release|Any CPU
		{9929637D-4FB2-4EDA-BAAF-B43A87F73F20}.Release|Any CPU.Build.0 = Release|Any CPU
		{276C97D7-FB5B-48B8-9EEA-C30614145FA2}.Debug|Any CPU.ActiveCfg = Debug|Any CPU
		{276C97D7-FB5B-48B8-9EEA-C30614145FA2}.Debug|Any CPU.Build.0 = Debug|Any CPU
		{276C97D7-FB5B-48B8-9EEA-C30614145FA2}.Release|Any CPU.ActiveCfg = Release|Any CPU
		{276C97D7-FB5B-48B8-9EEA-C30614145FA2}.Release|Any CPU.Build.0 = Release|Any CPU
		{D42121A5-1294-45CA-873F-3B67B561D23C}.Debug|Any CPU.ActiveCfg = Debug|Any CPU
		{D42121A5-1294-45CA-873F-3B67B561D23C}.Debug|Any CPU.Build.0 = Debug|Any CPU
		{D42121A5-1294-45CA-873F-3B67B561D23C}.Release|Any CPU.ActiveCfg = Release|Any CPU
		{D42121A5-1294-45CA-873F-3B67B561D23C}.Release|Any CPU.Build.0 = Release|Any CPU
		{4BCD0256-DCE9-462F-96F6-A088174A3BF5}.Debug|Any CPU.ActiveCfg = Debug|Any CPU
		{4BCD0256-DCE9-462F-96F6-A088174A3BF5}.Debug|Any CPU.Build.0 = Debug|Any CPU
		{4BCD0256-DCE9-462F-96F6-A088174A3BF5}.Release|Any CPU.ActiveCfg = Release|Any CPU
		{4BCD0256-DCE9-462F-96F6-A088174A3BF5}.Release|Any CPU.Build.0 = Release|Any CPU
		{4DD32F8B-1C56-40C9-A860-975F2E5F7087}.Debug|Any CPU.ActiveCfg = Debug|Any CPU
		{4DD32F8B-1C56-40C9-A860-975F2E5F7087}.Debug|Any CPU.Build.0 = Debug|Any CPU
		{4DD32F8B-1C56-40C9-A860-975F2E5F7087}.Release|Any CPU.ActiveCfg = Release|Any CPU
		{4DD32F8B-1C56-40C9-A860-975F2E5F7087}.Release|Any CPU.Build.0 = Release|Any CPU
		{88CE08E1-3956-447D-A079-683488746E1A}.Debug|Any CPU.ActiveCfg = Debug|Any CPU
		{88CE08E1-3956-447D-A079-683488746E1A}.Debug|Any CPU.Build.0 = Debug|Any CPU
		{88CE08E1-3956-447D-A079-683488746E1A}.Release|Any CPU.ActiveCfg = Release|Any CPU
		{88CE08E1-3956-447D-A079-683488746E1A}.Release|Any CPU.Build.0 = Release|Any CPU
		{54E98B72-EE14-492A-B82C-F16FA8EBF940}.Debug|Any CPU.ActiveCfg = Debug|Any CPU
		{54E98B72-EE14-492A-B82C-F16FA8EBF940}.Debug|Any CPU.Build.0 = Debug|Any CPU
		{54E98B72-EE14-492A-B82C-F16FA8EBF940}.Release|Any CPU.ActiveCfg = Release|Any CPU
		{54E98B72-EE14-492A-B82C-F16FA8EBF940}.Release|Any CPU.Build.0 = Release|Any CPU
		{4A0D1095-A3EB-4198-B2EA-7B411E5A7DCA}.Debug|Any CPU.ActiveCfg = Debug|Any CPU
		{4A0D1095-A3EB-4198-B2EA-7B411E5A7DCA}.Debug|Any CPU.Build.0 = Debug|Any CPU
		{4A0D1095-A3EB-4198-B2EA-7B411E5A7DCA}.Release|Any CPU.ActiveCfg = Release|Any CPU
		{4A0D1095-A3EB-4198-B2EA-7B411E5A7DCA}.Release|Any CPU.Build.0 = Release|Any CPU
		{08788E86-9DEE-4508-BCAE-212332C908A1}.Debug|Any CPU.ActiveCfg = Debug|Any CPU
		{08788E86-9DEE-4508-BCAE-212332C908A1}.Debug|Any CPU.Build.0 = Debug|Any CPU
		{08788E86-9DEE-4508-BCAE-212332C908A1}.Release|Any CPU.ActiveCfg = Release|Any CPU
		{08788E86-9DEE-4508-BCAE-212332C908A1}.Release|Any CPU.Build.0 = Release|Any CPU
		{5D05C46D-00CF-4006-8BD7-229B18DAA285}.Debug|Any CPU.ActiveCfg = Debug|Any CPU
		{5D05C46D-00CF-4006-8BD7-229B18DAA285}.Debug|Any CPU.Build.0 = Debug|Any CPU
		{5D05C46D-00CF-4006-8BD7-229B18DAA285}.Release|Any CPU.ActiveCfg = Release|Any CPU
		{5D05C46D-00CF-4006-8BD7-229B18DAA285}.Release|Any CPU.Build.0 = Release|Any CPU
		{7E964856-10C4-483A-B53E-CEA9A1D6361C}.Debug|Any CPU.ActiveCfg = Debug|Any CPU
		{7E964856-10C4-483A-B53E-CEA9A1D6361C}.Debug|Any CPU.Build.0 = Debug|Any CPU
		{7E964856-10C4-483A-B53E-CEA9A1D6361C}.Release|Any CPU.ActiveCfg = Release|Any CPU
		{7E964856-10C4-483A-B53E-CEA9A1D6361C}.Release|Any CPU.Build.0 = Release|Any CPU
		{6983758C-FAD1-4D4C-8DE8-7DC3F93CDE8F}.Debug|Any CPU.ActiveCfg = Debug|Any CPU
		{6983758C-FAD1-4D4C-8DE8-7DC3F93CDE8F}.Debug|Any CPU.Build.0 = Debug|Any CPU
		{6983758C-FAD1-4D4C-8DE8-7DC3F93CDE8F}.Release|Any CPU.ActiveCfg = Release|Any CPU
		{6983758C-FAD1-4D4C-8DE8-7DC3F93CDE8F}.Release|Any CPU.Build.0 = Release|Any CPU
	EndGlobalSection
	GlobalSection(SolutionProperties) = preSolution
		HideSolutionNode = FALSE
	EndGlobalSection
	GlobalSection(NestedProjects) = preSolution
		{9929637D-4FB2-4EDA-BAAF-B43A87F73F20} = {9A925C6A-6880-4841-AA5B-DFA81FF79BC1}
		{276C97D7-FB5B-48B8-9EEA-C30614145FA2} = {9A925C6A-6880-4841-AA5B-DFA81FF79BC1}
		{D42121A5-1294-45CA-873F-3B67B561D23C} = {9A925C6A-6880-4841-AA5B-DFA81FF79BC1}
		{4BCD0256-DCE9-462F-96F6-A088174A3BF5} = {9A925C6A-6880-4841-AA5B-DFA81FF79BC1}
		{4DD32F8B-1C56-40C9-A860-975F2E5F7087} = {9A925C6A-6880-4841-AA5B-DFA81FF79BC1}
		{79ED3B71-C438-423A-9D41-FD733671C21D} = {9A925C6A-6880-4841-AA5B-DFA81FF79BC1}
		{F6A064CF-95BE-4CCD-A721-E425D42764E0} = {79ED3B71-C438-423A-9D41-FD733671C21D}
		{88CE08E1-3956-447D-A079-683488746E1A} = {F6A064CF-95BE-4CCD-A721-E425D42764E0}
		{250371B1-4AB4-4B32-8D47-467DF7273FE1} = {79ED3B71-C438-423A-9D41-FD733671C21D}
		{54E98B72-EE14-492A-B82C-F16FA8EBF940} = {250371B1-4AB4-4B32-8D47-467DF7273FE1}
		{D35893AA-1F3A-4A7D-90E5-8FD050F3BEBD} = {79ED3B71-C438-423A-9D41-FD733671C21D}
		{4A0D1095-A3EB-4198-B2EA-7B411E5A7DCA} = {D35893AA-1F3A-4A7D-90E5-8FD050F3BEBD}
		{08A7ECAC-CCB9-443A-BF24-BE6D4488AA98} = {79ED3B71-C438-423A-9D41-FD733671C21D}
		{08788E86-9DEE-4508-BCAE-212332C908A1} = {08A7ECAC-CCB9-443A-BF24-BE6D4488AA98}
		{049B03BA-2705-4BDB-9A89-5F63981802B6} = {79ED3B71-C438-423A-9D41-FD733671C21D}
		{5D05C46D-00CF-4006-8BD7-229B18DAA285} = {049B03BA-2705-4BDB-9A89-5F63981802B6}
		{691323CB-2CDB-40F2-BF30-00F803D25F9F} = {9A925C6A-6880-4841-AA5B-DFA81FF79BC1}
		{0BD42BF8-19BD-4C48-8B4D-FBEC748CD548} = {691323CB-2CDB-40F2-BF30-00F803D25F9F}
		{7E964856-10C4-483A-B53E-CEA9A1D6361C} = {0BD42BF8-19BD-4C48-8B4D-FBEC748CD548}
		{4465B0C3-5D8C-4BC2-8442-E89AE5191266} = {691323CB-2CDB-40F2-BF30-00F803D25F9F}
		{A89CF143-A3F2-46EA-ADBD-5A096248104E} = {691323CB-2CDB-40F2-BF30-00F803D25F9F}
		{6983758C-FAD1-4D4C-8DE8-7DC3F93CDE8F} = {4465B0C3-5D8C-4BC2-8442-E89AE5191266}
	EndGlobalSection
	GlobalSection(ExtensibilityGlobals) = postSolution
		SolutionGuid = {774ADB5A-01E6-4C06-9CBA-FDFACD9B601D}
	EndGlobalSection
EndGlobal
